// !$*UTF8*$!
{
	archiveVersion = 1;
	classes = {
	};
	objectVersion = 77;
	objects = {

/* Begin PBXContainerItemProxy section */
		A937CA512FD9F3B700D81E39 /* PBXContainerItemProxy */ = {
			isa = PBXContainerItemProxy;
			containerPortal = A937CA3B2FD9F3B600D81E39 /* Project object */;
			proxyType = 1;
			remoteGlobalIDString = A937CA422FD9F3B600D81E39;
			remoteInfo = scran;
		};
		A937CA5B2FD9F3B700D81E39 /* PBXContainerItemProxy */ = {
			isa = PBXContainerItemProxy;
			containerPortal = A937CA3B2FD9F3B600D81E39 /* Project object */;
			proxyType = 1;
			remoteGlobalIDString = A937CA422FD9F3B600D81E39;
			remoteInfo = scran;
		};
/* End PBXContainerItemProxy section */

/* Begin PBXFileReference section */
		A937CA432FD9F3B600D81E39 /* scran.app */ = {isa = PBXFileReference; explicitFileType = wrapper.application; includeInIndex = 0; path = scran.app; sourceTree = BUILT_PRODUCTS_DIR; };
		A937CA502FD9F3B700D81E39 /* scranTests.xctest */ = {isa = PBXFileReference; explicitFileType = wrapper.cfbundle; includeInIndex = 0; path = scranTests.xctest; sourceTree = BUILT_PRODUCTS_DIR; };
		A937CA5A2FD9F3B700D81E39 /* scranUITests.xctest */ = {isa = PBXFileReference; explicitFileType = wrapper.cfbundle; includeInIndex = 0; path = scranUITests.xctest; sourceTree = BUILT_PRODUCTS_DIR; };
/* End PBXFileReference section */

/* Begin PBXFileSystemSynchronizedRootGroup section */
		A937CA452FD9F3B600D81E39 /* scran */ = {
			isa = PBXFileSystemSynchronizedRootGroup;
			path = scran;
			sourceTree = "<group>";
		};
		A937CA532FD9F3B700D81E39 /* scranTests */ = {
			isa = PBXFileSystemSynchronizedRootGroup;
			path = scranTests;
			sourceTree = "<group>";
		};
		A937CA5D2FD9F3B700D81E39 /* scranUITests */ = {
			isa = PBXFileSystemSynchronizedRootGroup;
			path = scranUITests;
			sourceTree = "<group>";
		};
/* End PBXFileSystemSynchronizedRootGroup section */

/* Begin PBXFrameworksBuildPhase section */
		A937CA402FD9F3B600D81E39 /* Frameworks */ = {
			isa = PBXFrameworksBuildPhase;
			buildActionMask = 2147483647;
			files = (
			);
			runOnlyForDeploymentPostprocessing = 0;
		};
		A937CA4D2FD9F3B700D81E39 /* Frameworks */ = {
			isa = PBXFrameworksBuildPhase;
			buildActionMask = 2147483647;
			files = (
			);
			runOnlyForDeploymentPostprocessing = 0;
		};
		A937CA572FD9F3B700D81E39 /* Frameworks */ = {
			isa = PBXFrameworksBuildPhase;
			buildActionMask = 2147483647;
			files = (
			);
			runOnlyForDeploymentPostprocessing = 0;
		};
/* End PBXFrameworksBuildPhase section */

/* Begin PBXGroup section */
		A937CA3A2FD9F3B600D81E39 = {
			isa = PBXGroup;
			children = (
				A937CA452FD9F3B600D81E39 /* scran */,
				A937CA532FD9F3B700D81E39 /* scranTests */,
				A937CA5D2FD9F3B700D81E39 /* scranUITests */,
				A937CA442FD9F3B600D81E39 /* Products */,
			);
			sourceTree = "<group>";
		};
		A937CA442FD9F3B600D81E39 /* Products */ = {
			isa = PBXGroup;
			children = (
				A937CA432FD9F3B600D81E39 /* scran.app */,
				A937CA502FD9F3B700D81E39 /* scranTests.xctest */,
				A937CA5A2FD9F3B700D81E39 /* scranUITests.xctest */,
			);
			name = Products;
			sourceTree = "<group>";
		};
/* End PBXGroup section */

/* Begin PBXNativeTarget section */
		A937CA422FD9F3B600D81E39 /* scran */ = {
			isa = PBXNativeTarget;
			buildConfigurationList = A937CA642FD9F3B700D81E39 /* Build configuration list for PBXNativeTarget "scran" */;
			buildPhases = (
				A937CA3F2FD9F3B600D81E39 /* Sources */,
				A937CA402FD9F3B600D81E39 /* Frameworks */,
				A937CA412FD9F3B600D81E39 /* Resources */,
			);
			buildRules = (
			);
			dependencies = (
			);
			fileSystemSynchronizedGroups = (
				A937CA452FD9F3B600D81E39 /* scran */,
			);
			name = scran;
			packageProductDependencies = (
			);
			productName = scran;
			productReference = A937CA432FD9F3B600D81E39 /* scran.app */;
			productType = "com.apple.product-type.application";
		};
		A937CA4F2FD9F3B700D81E39 /* scranTests */ = {
			isa = PBXNativeTarget;
			buildConfigurationList = A937CA672FD9F3B700D81E39 /* Build configuration list for PBXNativeTarget "scranTests" */;
			buildPhases = (
				A937CA4C2FD9F3B700D81E39 /* Sources */,
				A937CA4D2FD9F3B700D81E39 /* Frameworks */,
				A937CA4E2FD9F3B700D81E39 /* Resources */,
			);
			buildRules = (
			);
			dependencies = (
				A937CA522FD9F3B700D81E39 /* PBXTargetDependency */,
			);
			fileSystemSynchronizedGroups = (
				A937CA532FD9F3B700D81E39 /* scranTests */,
			);
			name = scranTests;
			packageProductDependencies = (
			);
			productName = scranTests;
			productReference = A937CA502FD9F3B700D81E39 /* scranTests.xctest */;
			productType = "com.apple.product-type.bundle.unit-test";
		};
		A937CA592FD9F3B700D81E39 /* scranUITests */ = {
			isa = PBXNativeTarget;
			buildConfigurationList = A937CA6A2FD9F3B700D81E39 /* Build configuration list for PBXNativeTarget "scranUITests" */;
			buildPhases = (
				A937CA562FD9F3B700D81E39 /* Sources */,
				A937CA572FD9F3B700D81E39 /* Frameworks */,
				A937CA582FD9F3B700D81E39 /* Resources */,
			);
			buildRules = (
			);
			dependencies = (
				A937CA5C2FD9F3B700D81E39 /* PBXTargetDependency */,
			);
			fileSystemSynchronizedGroups = (
				A937CA5D2FD9F3B700D81E39 /* scranUITests */,
			);
			name = scranUITests;
			packageProductDependencies = (
			);
			productName = scranUITests;
			productReference = A937CA5A2FD9F3B700D81E39 /* scranUITests.xctest */;
			productType = "com.apple.product-type.bundle.ui-testing";
		};
/* End PBXNativeTarget section */

/* Begin PBXProject section */
		A937CA3B2FD9F3B600D81E39 /* Project object */ = {
			isa = PBXProject;
			attributes = {
				BuildIndependentTargetsInParallel = 1;
				LastSwiftUpdateCheck = 2650;
				LastUpgradeCheck = 2650;
				TargetAttributes = {
					A937CA422FD9F3B600D81E39 = {
						CreatedOnToolsVersion = 26.5;
					};
					A937CA4F2FD9F3B700D81E39 = {
						CreatedOnToolsVersion = 26.5;
						TestTargetID = A937CA422FD9F3B600D81E39;
					};
					A937CA592FD9F3B700D81E39 = {
						CreatedOnToolsVersion = 26.5;
						TestTargetID = A937CA422FD9F3B600D81E39;
					};
				};
			};
			buildConfigurationList = A937CA3E2FD9F3B600D81E39 /* Build configuration list for PBXProject "scran" */;
			developmentRegion = en;
			hasScannedForEncodings = 0;
			knownRegions = (
				en,
				Base,
			);
			mainGroup = A937CA3A2FD9F3B600D81E39;
			minimizedProjectReferenceProxies = 1;
			preferredProjectObjectVersion = 77;
			productRefGroup = A937CA442FD9F3B600D81E39 /* Products */;
			projectDirPath = "";
			projectRoot = "";
			targets = (
				A937CA422FD9F3B600D81E39 /* scran */,
				A937CA4F2FD9F3B700D81E39 /* scranTests */,
				A937CA592FD9F3B700D81E39 /* scranUITests */,
			);
		};
/* End PBXProject section */

/* Begin PBXResourcesBuildPhase section */
		A937CA412FD9F3B600D81E39 /* Resources */ = {
			isa = PBXResourcesBuildPhase;
			buildActionMask = 2147483647;
			files = (
			);
			runOnlyForDeploymentPostprocessing = 0;
		};
		A937CA4E2FD9F3B700D81E39 /* Resources */ = {
			isa = PBXResourcesBuildPhase;
			buildActionMask = 2147483647;
			files = (
			);
			runOnlyForDeploymentPostprocessing = 0;
		};
		A937CA582FD9F3B700D81E39 /* Resources */ = {
			isa = PBXResourcesBuildPhase;
			buildActionMask = 2147483647;
			files = (
			);
			runOnlyForDeploymentPostprocessing = 0;
		};
/* End PBXResourcesBuildPhase section */

/* Begin PBXSourcesBuildPhase section */
		A937CA3F2FD9F3B600D81E39 /* Sources */ = {
			isa = PBXSourcesBuildPhase;
			buildActionMask = 2147483647;
			files = (
			);
			runOnlyForDeploymentPostprocessing = 0;
		};
		A937CA4C2FD9F3B700D81E39 /* Sources */ = {
			isa = PBXSourcesBuildPhase;
			buildActionMask = 2147483647;
			files = (
			);
			runOnlyForDeploymentPostprocessing = 0;
		};
		A937CA562FD9F3B700D81E39 /* Sources */ = {
			isa = PBXSourcesBuildPhase;
			buildActionMask = 2147483647;
			files = (
			);
			runOnlyForDeploymentPostprocessing = 0;
		};
/* End PBXSourcesBuildPhase section */

/* Begin PBXTargetDependency section */
		A937CA522FD9F3B700D81E39 /* PBXTargetDependency */ = {
			isa = PBXTargetDependency;
			target = A937CA422FD9F3B600D81E39 /* scran */;
			targetProxy = A937CA512FD9F3B700D81E39 /* PBXContainerItemProxy */;
		};
		A937CA5C2FD9F3B700D81E39 /* PBXTargetDependency */ = {
			isa = PBXTargetDependency;
			target = A937CA422FD9F3B600D81E39 /* scran */;
			targetProxy = A937CA5B2FD9F3B700D81E39 /* PBXContainerItemProxy */;
		};
/* End PBXTargetDependency section */

/* Begin XCBuildConfiguration section */
		A937CA622FD9F3B700D81E39 /* Debug */ = {
			isa = XCBuildConfiguration;
			buildSettings = {
				ALWAYS_SEARCH_USER_PATHS = NO;
				ASSETCATALOG_COMPILER_GENERATE_SWIFT_ASSET_SYMBOL_EXTENSIONS = YES;
				CLANG_ANALYZER_NONNULL = YES;
				CLANG_ANALYZER_NUMBER_OBJECT_CONVERSION = YES_AGGRESSIVE;
				CLANG_CXX_LANGUAGE_STANDARD = "gnu++20";
				CLANG_ENABLE_MODULES = YES;
				CLANG_ENABLE_OBJC_ARC = YES;
				CLANG_ENABLE_OBJC_WEAK = YES;
				CLANG_WARN_BLOCK_CAPTURE_AUTORELEASING = YES;
				CLANG_WARN_BOOL_CONVERSION = YES;
				CLANG_WARN_COMMA = YES;
				CLANG_WARN_CONSTANT_CONVERSION = YES;
				CLANG_WARN_DEPRECATED_OBJC_IMPLEMENTATIONS = YES;
				CLANG_WARN_DIRECT_OBJC_ISA_USAGE = YES_ERROR;
				CLANG_WARN_DOCUMENTATION_COMMENTS = YES;
				CLANG_WARN_EMPTY_BODY = YES;
				CLANG_WARN_ENUM_CONVERSION = YES;
				CLANG_WARN_INFINITE_RECURSION = YES;
				CLANG_WARN_INT_CONVERSION = YES;
				CLANG_WARN_NON_LITERAL_NULL_CONVERSION = YES;
				CLANG_WARN_OBJC_IMPLICIT_RETAIN_SELF = YES;
				CLANG_WARN_OBJC_LITERAL_CONVERSION = YES;
				CLANG_WARN_OBJC_ROOT_CLASS = YES_ERROR;
				CLANG_WARN_QUOTED_INCLUDE_IN_FRAMEWORK_HEADER = YES;
				CLANG_WARN_RANGE_LOOP_ANALYSIS = YES;
				CLANG_WARN_STRICT_PROTOTYPES = YES;
				CLANG_WARN_SUSPICIOUS_MOVE = YES;
				CLANG_WARN_UNGUARDED_AVAILABILITY = YES_AGGRESSIVE;
				CLANG_WARN_UNREACHABLE_CODE = YES;
				CLANG_WARN__DUPLICATE_METHOD_MATCH = YES;
				COPY_PHASE_STRIP = NO;
				DEBUG_INFORMATION_FORMAT = dwarf;
				DEVELOPMENT_TEAM = L3779VFYN8;
				ENABLE_STRICT_OBJC_MSGSEND = YES;
				ENABLE_TESTABILITY = YES;
				ENABLE_USER_SCRIPT_SANDBOXING = YES;
				GCC_C_LANGUAGE_STANDARD = gnu17;
				GCC_DYNAMIC_NO_PIC = NO;
				GCC_NO_COMMON_BLOCKS = YES;
				GCC_OPTIMIZATION_LEVEL = 0;
				GCC_PREPROCESSOR_DEFINITIONS = (
					"DEBUG=1",
					"$(inherited)",
				);
				GCC_WARN_64_TO_32_BIT_CONVERSION = YES;
				GCC_WARN_ABOUT_RETURN_TYPE = YES_ERROR;
				GCC_WARN_UNDECLARED_SELECTOR = YES;
				GCC_WARN_UNINITIALIZED_AUTOS = YES_AGGRESSIVE;
				GCC_WARN_UNUSED_FUNCTION = YES;
				GCC_WARN_UNUSED_VARIABLE = YES;
				IPHONEOS_DEPLOYMENT_TARGET = 26.5;
				LOCALIZATION_PREFERS_STRING_CATALOGS = YES;
				MTL_ENABLE_DEBUG_INFO = INCLUDE_SOURCE;
				MTL_FAST_MATH = YES;
				ONLY_ACTIVE_ARCH = YES;
				SDKROOT = iphoneos;
				SWIFT_ACTIVE_COMPILATION_CONDITIONS = "DEBUG $(inherited)";
				SWIFT_OPTIMIZATION_LEVEL = "-Onone";
			};
			name = Debug;
		};
		A937CA632FD9F3B700D81E39 /* Release */ = {
			isa = XCBuildConfiguration;
			buildSettings = {
				ALWAYS_SEARCH_USER_PATHS = NO;
				ASSETCATALOG_COMPILER_GENERATE_SWIFT_ASSET_SYMBOL_EXTENSIONS = YES;
				CLANG_ANALYZER_NONNULL = YES;
				CLANG_ANALYZER_NUMBER_OBJECT_CONVERSION = YES_AGGRESSIVE;
				CLANG_CXX_LANGUAGE_STANDARD = "gnu++20";
				CLANG_ENABLE_MODULES = YES;
				CLANG_ENABLE_OBJC_ARC = YES;
				CLANG_ENABLE_OBJC_WEAK = YES;
				CLANG_WARN_BLOCK_CAPTURE_AUTORELEASING = YES;
				CLANG_WARN_BOOL_CONVERSION = YES;
				CLANG_WARN_COMMA = YES;
				CLANG_WARN_CONSTANT_CONVERSION = YES;
				CLANG_WARN_DEPRECATED_OBJC_IMPLEMENTATIONS = YES;
				CLANG_WARN_DIRECT_OBJC_ISA_USAGE = YES_ERROR;
				CLANG_WARN_DOCUMENTATION_COMMENTS = YES;
				CLANG_WARN_EMPTY_BODY = YES;
				CLANG_WARN_ENUM_CONVERSION = YES;
				CLANG_WARN_INFINITE_RECURSION = YES;
				CLANG_WARN_INT_CONVERSION = YES;
				CLANG_WARN_NON_LITERAL_NULL_CONVERSION = YES;
				CLANG_WARN_OBJC_IMPLICIT_RETAIN_SELF = YES;
				CLANG_WARN_OBJC_LITERAL_CONVERSION = YES;
				CLANG_WARN_OBJC_ROOT_CLASS = YES_ERROR;
				CLANG_WARN_QUOTED_INCLUDE_IN_FRAMEWORK_HEADER = YES;
				CLANG_WARN_RANGE_LOOP_ANALYSIS = YES;
				CLANG_WARN_STRICT_PROTOTYPES = YES;
				CLANG_WARN_SUSPICIOUS_MOVE = YES;
				CLANG_WARN_UNGUARDED_AVAILABILITY = YES_AGGRESSIVE;
				CLANG_WARN_UNREACHABLE_CODE = YES;
				CLANG_WARN__DUPLICATE_METHOD_MATCH = YES;
				COPY_PHASE_STRIP = NO;
				DEBUG_INFORMATION_FORMAT = "dwarf-with-dsym";
				DEVELOPMENT_TEAM = L3779VFYN8;
				ENABLE_NS_ASSERTIONS = NO;
				ENABLE_STRICT_OBJC_MSGSEND = YES;
				ENABLE_USER_SCRIPT_SANDBOXING = YES;
				GCC_C_LANGUAGE_STANDARD = gnu17;
				GCC_NO_COMMON_BLOCKS = YES;
				GCC_WARN_64_TO_32_BIT_CONVERSION = YES;
				GCC_WARN_ABOUT_RETURN_TYPE = YES_ERROR;
				GCC_WARN_UNDECLARED_SELECTOR = YES;
				GCC_WARN_UNINITIALIZED_AUTOS = YES_AGGRESSIVE;
				GCC_WARN_UNUSED_FUNCTION = YES;
				GCC_WARN_UNUSED_VARIABLE = YES;
				IPHONEOS_DEPLOYMENT_TARGET = 26.5;
				LOCALIZATION_PREFERS_STRING_CATALOGS = YES;
				MTL_ENABLE_DEBUG_INFO = NO;
				MTL_FAST_MATH = YES;
				SDKROOT = iphoneos;
				SWIFT_COMPILATION_MODE = wholemodule;
				VALIDATE_PRODUCT = YES;
			};
			name = Release;
		};
		A937CA652FD9F3B700D81E39 /* Debug */ = {
			isa = XCBuildConfiguration;
			buildSettings = {
				ASSETCATALOG_COMPILER_APPICON_NAME = AppIcon;
				ASSETCATALOG_COMPILER_GLOBAL_ACCENT_COLOR_NAME = AccentColor;
				CODE_SIGN_ENTITLEMENTS = scran.entitlements;
				CODE_SIGN_STYLE = Automatic;
				CURRENT_PROJECT_VERSION = 1;
				DEVELOPMENT_TEAM = L3779VFYN8;
				ENABLE_PREVIEWS = YES;
				GENERATE_INFOPLIST_FILE = YES;
				INFOPLIST_KEY_CFBundleDisplayName = Clearo;
				INFOPLIST_KEY_NSCameraUsageDescription = "Clearo uses the camera to scan barcodes and photograph nutrition labels and plates of food.";
				INFOPLIST_KEY_NSHealthShareUsageDescription = "Clearo reads your weight, height, age and activity from Apple Health to set up your plan and keep it accurate.";
				INFOPLIST_KEY_UIApplicationSceneManifest_Generation = YES;
				INFOPLIST_KEY_UIApplicationSupportsIndirectInputEvents = YES;
				INFOPLIST_KEY_UILaunchScreen_Generation = YES;
				INFOPLIST_KEY_UISupportedInterfaceOrientations = UIInterfaceOrientationPortrait;
				IPHONEOS_DEPLOYMENT_TARGET = 26.0;
				LD_RUNPATH_SEARCH_PATHS = (
					"$(inherited)",
					"@executable_path/Frameworks",
				);
				MARKETING_VERSION = 1.0;
				PRODUCT_BUNDLE_IDENTIFIER = com.wiresidestudios.clearoapp;
				PRODUCT_NAME = "$(TARGET_NAME)";
				STRING_CATALOG_GENERATE_SYMBOLS = YES;
				SWIFT_APPROACHABLE_CONCURRENCY = YES;
				SWIFT_DEFAULT_ACTOR_ISOLATION = MainActor;
				SWIFT_EMIT_LOC_STRINGS = YES;
				SWIFT_UPCOMING_FEATURE_MEMBER_IMPORT_VISIBILITY = YES;
				SWIFT_VERSION = 5.0;
				TARGETED_DEVICE_FAMILY = "1,2";
			};
			name = Debug;
		};
		A937CA662FD9F3B700D81E39 /* Release */ = {
			isa = XCBuildConfiguration;
			buildSettings = {
				ASSETCATALOG_COMPILER_APPICON_NAME = AppIcon;
				ASSETCATALOG_COMPILER_GLOBAL_ACCENT_COLOR_NAME = AccentColor;
				CODE_SIGN_ENTITLEMENTS = scran.entitlements;
				CODE_SIGN_STYLE = Automatic;
				CURRENT_PROJECT_VERSION = 1;
				DEVELOPMENT_TEAM = L3779VFYN8;
				ENABLE_PREVIEWS = YES;
				GENERATE_INFOPLIST_FILE = YES;
				INFOPLIST_KEY_CFBundleDisplayName = Clearo;
				INFOPLIST_KEY_NSCameraUsageDescription = "Clearo uses the camera to scan barcodes and photograph nutrition labels and plates of food.";
				INFOPLIST_KEY_NSHealthShareUsageDescription = "Clearo reads your weight, height, age and activity from Apple Health to set up your plan and keep it accurate.";
				INFOPLIST_KEY_UIApplicationSceneManifest_Generation = YES;
				INFOPLIST_KEY_UIApplicationSupportsIndirectInputEvents = YES;
				INFOPLIST_KEY_UILaunchScreen_Generation = YES;
				INFOPLIST_KEY_UISupportedInterfaceOrientations = UIInterfaceOrientationPortrait;
				IPHONEOS_DEPLOYMENT_TARGET = 26.0;
				LD_RUNPATH_SEARCH_PATHS = (
					"$(inherited)",
					"@executable_path/Frameworks",
				);
				MARKETING_VERSION = 1.0;
				PRODUCT_BUNDLE_IDENTIFIER = com.wiresidestudios.clearoapp;
				PRODUCT_NAME = "$(TARGET_NAME)";
				STRING_CATALOG_GENERATE_SYMBOLS = YES;
				SWIFT_APPROACHABLE_CONCURRENCY = YES;
				SWIFT_DEFAULT_ACTOR_ISOLATION = MainActor;
				SWIFT_EMIT_LOC_STRINGS = YES;
				SWIFT_UPCOMING_FEATURE_MEMBER_IMPORT_VISIBILITY = YES;
				SWIFT_VERSION = 5.0;
				TARGETED_DEVICE_FAMILY = "1,2";
			};
			name = Release;
		};
		A937CA682FD9F3B700D81E39 /* Debug */ = {
			isa = XCBuildConfiguration;
			buildSettings = {
				BUNDLE_LOADER = "$(TEST_HOST)";
				CODE_SIGN_STYLE = Automatic;
				CURRENT_PROJECT_VERSION = 1;
				DEVELOPMENT_TEAM = L3779VFYN8;
				GENERATE_INFOPLIST_FILE = YES;
				IPHONEOS_DEPLOYMENT_TARGET = 26.5;
				MARKETING_VERSION = 1.0;
				PRODUCT_BUNDLE_IDENTIFIER = com.wiresidestudios.scranTests;
				PRODUCT_NAME = "$(TARGET_NAME)";
				STRING_CATALOG_GENERATE_SYMBOLS = NO;
				SWIFT_APPROACHABLE_CONCURRENCY = YES;
				SWIFT_EMIT_LOC_STRINGS = NO;
				SWIFT_UPCOMING_FEATURE_MEMBER_IMPORT_VISIBILITY = YES;
				SWIFT_VERSION = 5.0;
				TARGETED_DEVICE_FAMILY = "1,2";
				TEST_HOST = "$(BUILT_PRODUCTS_DIR)/scran.app/$(BUNDLE_EXECUTABLE_FOLDER_PATH)/scran";
			};
			name = Debug;
		};
		A937CA692FD9F3B700D81E39 /* Release */ = {
			isa = XCBuildConfiguration;
			buildSettings = {
				BUNDLE_LOADER = "$(TEST_HOST)";
				CODE_SIGN_STYLE = Automatic;
				CURRENT_PROJECT_VERSION = 1;
				DEVELOPMENT_TEAM = L3779VFYN8;
				GENERATE_INFOPLIST_FILE = YES;
				IPHONEOS_DEPLOYMENT_TARGET = 26.5;
				MARKETING_VERSION = 1.0;
				PRODUCT_BUNDLE_IDENTIFIER = com.wiresidestudios.scranTests;
				PRODUCT_NAME = "$(TARGET_NAME)";
				STRING_CATALOG_GENERATE_SYMBOLS = NO;
				SWIFT_APPROACHABLE_CONCURRENCY = YES;
				SWIFT_EMIT_LOC_STRINGS = NO;
				SWIFT_UPCOMING_FEATURE_MEMBER_IMPORT_VISIBILITY = YES;
				SWIFT_VERSION = 5.0;
				TARGETED_DEVICE_FAMILY = "1,2";
				TEST_HOST = "$(BUILT_PRODUCTS_DIR)/scran.app/$(BUNDLE_EXECUTABLE_FOLDER_PATH)/scran";
			};
			name = Release;
		};
		A937CA6B2FD9F3B700D81E39 /* Debug */ = {
			isa = XCBuildConfiguration;
			buildSettings = {
				CODE_SIGN_STYLE = Automatic;
				CURRENT_PROJECT_VERSION = 1;
				DEVELOPMENT_TEAM = L3779VFYN8;
				GENERATE_INFOPLIST_FILE = YES;
				MARKETING_VERSION = 1.0;
				PRODUCT_BUNDLE_IDENTIFIER = com.wiresidestudios.scranUITests;
				PRODUCT_NAME = "$(TARGET_NAME)";
				STRING_CATALOG_GENERATE_SYMBOLS = NO;
				SWIFT_APPROACHABLE_CONCURRENCY = YES;
				SWIFT_EMIT_LOC_STRINGS = NO;
				SWIFT_UPCOMING_FEATURE_MEMBER_IMPORT_VISIBILITY = YES;
				SWIFT_VERSION = 5.0;
				TARGETED_DEVICE_FAMILY = "1,2";
				TEST_TARGET_NAME = scran;
			};
			name = Debug;
		};
		A937CA6C2FD9F3B700D81E39 /* Release */ = {
			isa = XCBuildConfiguration;
			buildSettings = {
				CODE_SIGN_STYLE = Automatic;
				CURRENT_PROJECT_VERSION = 1;
				DEVELOPMENT_TEAM = L3779VFYN8;
				GENERATE_INFOPLIST_FILE = YES;
				MARKETING_VERSION = 1.0;
				PRODUCT_BUNDLE_IDENTIFIER = com.wiresidestudios.scranUITests;
				PRODUCT_NAME = "$(TARGET_NAME)";
				STRING_CATALOG_GENERATE_SYMBOLS = NO;
				SWIFT_APPROACHABLE_CONCURRENCY = YES;
				SWIFT_EMIT_LOC_STRINGS = NO;
				SWIFT_UPCOMING_FEATURE_MEMBER_IMPORT_VISIBILITY = YES;
				SWIFT_VERSION = 5.0;
				TARGETED_DEVICE_FAMILY = "1,2";
				TEST_TARGET_NAME = scran;
			};
			name = Release;
		};
/* End XCBuildConfiguration section */

/* Begin XCConfigurationList section */
		A937CA3E2FD9F3B600D81E39 /* Build configuration list for PBXProject "scran" */ = {
			isa = XCConfigurationList;
			buildConfigurations = (
				A937CA622FD9F3B700D81E39 /* Debug */,
				A937CA632FD9F3B700D81E39 /* Release */,
			);
			defaultConfigurationIsVisible = 0;
			defaultConfigurationName = Release;
		};
		A937CA642FD9F3B700D81E39 /* Build configuration list for PBXNativeTarget "scran" */ = {
			isa = XCConfigurationList;
			buildConfigurations = (
				A937CA652FD9F3B700D81E39 /* Debug */,
				A937CA662FD9F3B700D81E39 /* Release */,
			);
			defaultConfigurationIsVisible = 0;
			defaultConfigurationName = Release;
		};
		A937CA672FD9F3B700D81E39 /* Build configuration list for PBXNativeTarget "scranTests" */ = {
			isa = XCConfigurationList;
			buildConfigurations = (
				A937CA682FD9F3B700D81E39 /* Debug */,
				A937CA692FD9F3B700D81E39 /* Release */,
			);
			defaultConfigurationIsVisible = 0;
			defaultConfigurationName = Release;
		};
		A937CA6A2FD9F3B700D81E39 /* Build configuration list for PBXNativeTarget "scranUITests" */ = {
			isa = XCConfigurationList;
			buildConfigurations = (
				A937CA6B2FD9F3B700D81E39 /* Debug */,
				A937CA6C2FD9F3B700D81E39 /* Release */,
			);
			defaultConfigurationIsVisible = 0;
			defaultConfigurationName = Release;
		};
/* End XCConfigurationList section */
	};
	rootObject = A937CA3B2FD9F3B600D81E39 /* Project object */;
}
